
Microsoft Visual Studio Solution File, Format Version 12.00
# Visual Studio 15
VisualStudioVersion = 15.0.28307.1321
MinimumVisualStudioVersion = 10.0.40219.1
Project("{FAE04EC0-301F-11D3-BF4B-00C04F79EFBC}") = "test", "test.csproj", "{658BB58A-7F78-46D3-B148-0B3F3006DECA}"
EndProject
Global
	GlobalSection(SolutionConfigurationPlatforms) = preSolution
		Debug|Any CPU = Debug|Any CPU
		Release|Any CPU = Release|Any CPU
	EndGlobalSection
	GlobalSection(ProjectConfigurationPlatforms) = postSolution
		{658BB58A-7F78-46D3-B148-0B3F3006DECA}.Debug|Any CPU.ActiveCfg = Debug|Any CPU
		{658BB58A-7F78-46D3-B148-0B3F3006DECA}.Debug|Any CPU.Build.0 = Debug|Any CPU
		{658BB58A-7F78-46D3-B148-0B3F3006DECA}.Release|Any CPU.ActiveCfg = Release|Any CPU
		{658BB58A-7F78-46D3-B148-0B3F3006DECA}.Release|Any CPU.Build.0 = Release|Any CPU
	EndGlobalSection
	GlobalSection(SolutionProperties) = preSolution
		HideSolutionNode = FALSE
	EndGlobalSection
	GlobalSection(ExtensibilityGlobals) = postSolution
		SolutionGuid = {3F1599A9-6447-4645-B153-9BBC54C9CE19}
	EndGlobalSection
EndGlobal
